
Microsoft Visual Studio Solution File, Format Version 12.00
# Visual Studio Version 17
VisualStudioVersion = 17.9.34622.214
MinimumVisualStudioVersion = 10.0.40219.1
Project("{FAE04EC0-301F-11D3-BF4B-00C04F79EFBC}") = "assignment 1", "assignment 1\assignment 1.csproj", "{5531ED04-F473-4DCD-A03D-8E6D0FF3CDB1}"
EndProject
Global
	GlobalSection(SolutionConfigurationPlatforms) = preSolution
		Debug|Any CPU = Debug|Any CPU
		Release|Any CPU = Release|Any CPU
	EndGlobalSection
	GlobalSection(ProjectConfigurationPlatforms) = postSolution
		{5531ED04-F473-4DCD-A03D-8E6D0FF3CDB1}.Debug|Any CPU.ActiveCfg = Debug|Any CPU
		{5531ED04-F473-4DCD-A03D-8E6D0FF3CDB1}.Debug|Any CPU.Build.0 = Debug|Any CPU
		{5531ED04-F473-4DCD-A03D-8E6D0FF3CDB1}.Release|Any CPU.ActiveCfg = Release|Any CPU
		{5531ED04-F473-4DCD-A03D-8E6D0FF3CDB1}.Release|Any CPU.Build.0 = Release|Any CPU
	EndGlobalSection
	GlobalSection(SolutionProperties) = preSolution
		HideSolutionNode = FALSE
	EndGlobalSection
	GlobalSection(ExtensibilityGlobals) = postSolution
		SolutionGuid = {D9AC0A38-BB94-49B2-94A2-DB56C5C9AD31}
	EndGlobalSection
EndGlobal
